Microsoft Visual Studio Solution File, Format Version 12.00
# Visual Studio Version 17
VisualStudioVersion = 17.5.2.0
MinimumVisualStudioVersion = 10.0.40219.1
Project("{2150E333-8FDC-42A3-9474-1A3956D46DE8}") = "example", "example", "{1D587995-D2B1-D47C-23B4-E8E972FA15E9}"
EndProject
Project("{2150E333-8FDC-42A3-9474-1A3956D46DE8}") = "src", "src", "{535728BD-D028-ABA5-7046-D35683B41459}"
EndProject
Project("{FAE04EC0-301F-11D3-BF4B-00C04F79EFBC}") = "Acme.App", "example\src\Acme.App\Acme.App.csproj", "{86F20065-DC24-88EE-41EB-F3DBABDD8CF5}"
EndProject
Project("{FAE04EC0-301F-11D3-BF4B-00C04F79EFBC}") = "Acme.Core", "example\src\Acme.Core\Acme.Core.csproj", "{9EAE94AB-C597-E21F-928D-B910BA1982DD}"
EndProject
Project("{FAE04EC0-301F-11D3-BF4B-00C04F79EFBC}") = "Acme.Utilities", "example\src\Acme.Utilities\Acme.Utilities.csproj", "{9382DD0B-FEB6-9134-2820-5D3D740ACA94}"
EndProject
Project("{2150E333-8FDC-42A3-9474-1A3956D46DE8}") = "tests", "tests", "{BBBC33A9-93DC-F6CB-3ACE-95FB2FEE22FF}"
EndProject
Project("{FAE04EC0-301F-11D3-BF4B-00C04F79EFBC}") = "Acme.App.Tests", "example\tests\Acme.App.Tests\Acme.App.Tests.csproj", "{8B030C24-8455-8318-80A2-876C7713A012}"
EndProject
Project("{FAE04EC0-301F-11D3-BF4B-00C04F79EFBC}") = "Acme.Core.Tests", "example\tests\Acme.Core.Tests\Acme.Core.Tests.csproj", "{94966927-3C59-0FA5-0C97-5ABAD3E1C645}"
EndProject
Project("{FAE04EC0-301F-11D3-BF4B-00C04F79EFBC}") = "Acme.Utilities.Tests", "example\tests\Acme.Utilities.Tests\Acme.Utilities.Tests.csproj", "{EA8958C8-10F6-BC80-B644-0BD85CC8CF21}"
EndProject
Global
	GlobalSection(SolutionConfigurationPlatforms) = preSolution
		Debug|Any CPU = Debug|Any CPU
		Release|Any CPU = Release|Any CPU
	EndGlobalSection
	GlobalSection(ProjectConfigurationPlatforms) = postSolution
		{86F20065-DC24-88EE-41EB-F3DBABDD8CF5}.Debug|Any CPU.ActiveCfg = Debug|Any CPU
		{86F20065-DC24-88EE-41EB-F3DBABDD8CF5}.Debug|Any CPU.Build.0 = Debug|Any CPU
		{86F20065-DC24-88EE-41EB-F3DBABDD8CF5}.Release|Any CPU.ActiveCfg = Release|Any CPU
		{86F20065-DC24-88EE-41EB-F3DBABDD8CF5}.Release|Any CPU.Build.0 = Release|Any CPU
		{9EAE94AB-C597-E21F-928D-B910BA1982DD}.Debug|Any CPU.ActiveCfg = Debug|Any CPU
		{9EAE94AB-C597-E21F-928D-B910BA1982DD}.Debug|Any CPU.Build.0 = Debug|Any CPU
		{9EAE94AB-C597-E21F-928D-B910BA1982DD}.Release|Any CPU.ActiveCfg = Release|Any CPU
		{9EAE94AB-C597-E21F-928D-B910BA1982DD}.Release|Any CPU.Build.0 = Release|Any CPU
		{9382DD0B-FEB6-9134-2820-5D3D740ACA94}.Debug|Any CPU.ActiveCfg = Debug|Any CPU
		{9382DD0B-FEB6-9134-2820-5D3D740ACA94}.Debug|Any CPU.Build.0 = Debug|Any CPU
		{9382DD0B-FEB6-9134-2820-5D3D740ACA94}.Release|Any CPU.ActiveCfg = Release|Any CPU
		{9382DD0B-FEB6-9134-2820-5D3D740ACA94}.Release|Any CPU.Build.0 = Release|Any CPU
		{8B030C24-8455-8318-80A2-876C7713A012}.Debug|Any CPU.ActiveCfg = Debug|Any CPU
		{8B030C24-8455-8318-80A2-876C7713A012}.Debug|Any CPU.Build.0 = Debug|Any CPU
		{8B030C24-8455-8318-80A2-876C7713A012}.Release|Any CPU.ActiveCfg = Release|Any CPU
		{8B030C24-8455-8318-80A2-876C7713A012}.Release|Any CPU.Build.0 = Release|Any CPU
		{94966927-3C59-0FA5-0C97-5ABAD3E1C645}.Debug|Any CPU.ActiveCfg = Debug|Any CPU
		{94966927-3C59-0FA5-0C97-5ABAD3E1C645}.Debug|Any CPU.Build.0 = Debug|Any CPU
		{94966927-3C59-0FA5-0C97-5ABAD3E1C645}.Release|Any CPU.ActiveCfg = Release|Any CPU
		{94966927-3C59-0FA5-0C97-5ABAD3E1C645}.Release|Any CPU.Build.0 = Release|Any CPU
		{EA8958C8-10F6-BC80-B644-0BD85CC8CF21}.Debug|Any CPU.ActiveCfg = Debug|Any CPU
		{EA8958C8-10F6-BC80-B644-0BD85CC8CF21}.Debug|Any CPU.Build.0 = Debug|Any CPU
		{EA8958C8-10F6-BC80-B644-0BD85CC8CF21}.Release|Any CPU.ActiveCfg = Release|Any CPU
		{EA8958C8-10F6-BC80-B644-0BD85CC8CF21}.Release|Any CPU.Build.0 = Release|Any CPU
	EndGlobalSection
	GlobalSection(SolutionProperties) = preSolution
		HideSolutionNode = FALSE
	EndGlobalSection
	GlobalSection(NestedProjects) = preSolution
		{535728BD-D028-ABA5-7046-D35683B41459} = {1D587995-D2B1-D47C-23B4-E8E972FA15E9}
		{86F20065-DC24-88EE-41EB-F3DBABDD8CF5} = {535728BD-D028-ABA5-7046-D35683B41459}
		{9EAE94AB-C597-E21F-928D-B910BA1982DD} = {535728BD-D028-ABA5-7046-D35683B41459}
		{9382DD0B-FEB6-9134-2820-5D3D740ACA94} = {535728BD-D028-ABA5-7046-D35683B41459}
		{BBBC33A9-93DC-F6CB-3ACE-95FB2FEE22FF} = {1D587995-D2B1-D47C-23B4-E8E972FA15E9}
		{8B030C24-8455-8318-80A2-876C7713A012} = {BBBC33A9-93DC-F6CB-3ACE-95FB2FEE22FF}
		{94966927-3C59-0FA5-0C97-5ABAD3E1C645} = {BBBC33A9-93DC-F6CB-3ACE-95FB2FEE22FF}
		{EA8958C8-10F6-BC80-B644-0BD85CC8CF21} = {BBBC33A9-93DC-F6CB-3ACE-95FB2FEE22FF}
	EndGlobalSection
	GlobalSection(ExtensibilityGlobals) = postSolution
		SolutionGuid = {D5605CCD-65B3-40F3-81E2-B11815AD393B}
	EndGlobalSection
EndGlobal
